
Microsoft Visual Studio Solution File, Format Version 12.00
# Visual Studio 15
VisualStudioVersion = 15.0.28307.168
MinimumVisualStudioVersion = 10.0.40219.1
Project("{9A19103F-16F7-4668-BE54-9A1E7A4F7556}") = "FileShareSite", "FileShareSite\FileShareSite.csproj", "{F4B23E93-FF3C-4D2B-B377-F14732680ABF}"
EndProject
Global
	GlobalSection(SolutionConfigurationPlatforms) = preSolution
		Debug|Any CPU = Debug|Any CPU
		Release|Any CPU = Release|Any CPU
	EndGlobalSection
	GlobalSection(ProjectConfigurationPlatforms) = postSolution
		{F4B23E93-FF3C-4D2B-B377-F14732680ABF}.Debug|Any CPU.ActiveCfg = Debug|Any CPU
		{F4B23E93-FF3C-4D2B-B377-F14732680ABF}.Debug|Any CPU.Build.0 = Debug|Any CPU
		{F4B23E93-FF3C-4D2B-B377-F14732680ABF}.Release|Any CPU.ActiveCfg = Release|Any CPU
		{F4B23E93-FF3C-4D2B-B377-F14732680ABF}.Release|Any CPU.Build.0 = Release|Any CPU
	EndGlobalSection
	GlobalSection(SolutionProperties) = preSolution
		HideSolutionNode = FALSE
	EndGlobalSection
	GlobalSection(ExtensibilityGlobals) = postSolution
		SolutionGuid = {BF9B0924-CB4D-4C48-9058-F1F3BC91A451}
	EndGlobalSection
EndGlobal
